%{
  "coerce": {:hex, :coerce, "1.0.1", "211c27386315dc2894ac11bc1f413a0e38505d808153367bd5c6e75a4003d096", [:mix], [], "hexpm", "b44a691700f7a1a15b4b7e2ff1fa30bebd669929ac8aa43cffe9e2f8bf051cf1"},
  "currying": {:hex, :currying, "1.0.3", "6d036c86c38663a795858c9e744e406a62d7e5a66243a7da15326e731cdcd672", [:mix], [], "hexpm", "7b9b8cd644ecac635f0abf6267ca46d497e73144a5882449a843461a014f1154"},
  "extractable": {:hex, :extractable, "0.2.1", "cf32f0cf2328c073505be285fedecbc984a4f5fec300370dc9c6125bf4d99975", [:mix], [], "hexpm", "42532209510e365c3c9a56c33a2b5448ab1645c0ae124f261162f2c166061019"},
  "finch": {:hex, :finch, "0.19.0", "c644641491ea854fc5c1bbaef36bfc764e3f08e7185e1f084e35e0672241b76d", [:mix], [{:mime, "~> 1.0 or ~> 2.0", [hex: :mime, repo: "hexpm", optional: false]}, {:mint, "~> 1.6.2 or ~> 1.7", [hex: :mint, repo: "hexpm", optional: false]}, {:nimble_options, "~> 0.4 or ~> 1.0", [hex: :nimble_options, repo: "hexpm", optional: false]}, {:nimble_pool, "~> 1.1", [hex: :nimble_pool, repo: "hexpm", optional: false]}, {:telemetry, "~> 0.4 or ~> 1.0", [hex: :telemetry, repo: "hexpm", optional: false]}], "hexpm", "fc5324ce209125d1e2fa0fcd2634601c52a787aff1cd33ee833664a5af4ea2b6"},
  "fun_land": {:hex, :fun_land, "0.9.3", "0ca62fb92fcfa95fa50d7cf05b5a25ca49a709cad32ef4317e167b523f459e42", [:mix], [{:currying, "~> 1.0", [hex: :currying, repo: "hexpm", optional: false]}, {:numbers, "~> 5.0", [hex: :numbers, repo: "hexpm", optional: false]}], "hexpm", "258922fde86bf965b542a8868e1fbe7a0d2466c53c929d04576bb3955f4a0098"},
  "hpax": {:hex, :hpax, "1.0.0", "28dcf54509fe2152a3d040e4e3df5b265dcb6cb532029ecbacf4ce52caea3fd2", [:mix], [], "hexpm", "7f1314731d711e2ca5fdc7fd361296593fc2542570b3105595bb0bc6d0fad601"},
  "insertable": {:hex, :insertable, "0.2.0", "f9ef5e484d1cc0756f1d248a54466aa6388142a81df18f588158e3eda2501395", [:mix], [], "hexpm", "518a8b5870344c784dec4560a296e3ef539cd08e58df7f425485bb6158ab70d6"},
  "jason": {:hex, :jason, "1.4.4", "b9226785a9aa77b6857ca22832cffa5d5011a667207eb2a0ad56adb5db443b8a", [:mix], [{:decimal, "~> 1.0 or ~> 2.0", [hex: :decimal, repo: "hexpm", optional: true]}], "hexpm", "c5eb0cab91f094599f94d55bc63409236a8ec69a21a67814529e8d5f6cc90b3b"},
  "memoize": {:hex, :memoize, "1.4.3", "ead4ba248291acbaecbfe7e68ed762d329dd9c29c727020c7393dda4060c4471", [:mix], [], "hexpm", "a75176b84b9ce92faaf567c82fcbc584ef95727e0827cb38606b0a197f7e47ef"},
  "mime": {:hex, :mime, "2.0.6", "8f18486773d9b15f95f4f4f1e39b710045fa1de891fada4516559967276e4dc2", [:mix], [], "hexpm", "c9945363a6b26d747389aac3643f8e0e09d30499a138ad64fe8fd1d13d9b153e"},
  "mint": {:hex, :mint, "1.6.2", "af6d97a4051eee4f05b5500671d47c3a67dac7386045d87a904126fd4bbcea2e", [:mix], [{:castore, "~> 0.1.0 or ~> 1.0", [hex: :castore, repo: "hexpm", optional: true]}, {:hpax, "~> 0.1.1 or ~> 0.2.0 or ~> 1.0", [hex: :hpax, repo: "hexpm", optional: false]}], "hexpm", "5ee441dffc1892f1ae59127f74afe8fd82fda6587794278d924e4d90ea3d63f9"},
  "nimble_options": {:hex, :nimble_options, "1.1.1", "e3a492d54d85fc3fd7c5baf411d9d2852922f66e69476317787a7b2bb000a61b", [:mix], [], "hexpm", "821b2470ca9442c4b6984882fe9bb0389371b8ddec4d45a9504f00a66f650b44"},
  "nimble_pool": {:hex, :nimble_pool, "1.1.0", "bf9c29fbdcba3564a8b800d1eeb5a3c58f36e1e11d7b7fb2e084a643f645f06b", [:mix], [], "hexpm", "af2e4e6b34197db81f7aad230c1118eac993acc0dae6bc83bac0126d4ae0813a"},
  "numbers": {:hex, :numbers, "5.2.4", "f123d5bb7f6acc366f8f445e10a32bd403c8469bdbce8ce049e1f0972b607080", [:mix], [{:coerce, "~> 1.0", [hex: :coerce, repo: "hexpm", optional: false]}, {:decimal, "~> 1.9 or ~> 2.0", [hex: :decimal, repo: "hexpm", optional: true]}], "hexpm", "eeccf5c61d5f4922198395bf87a465b6f980b8b862dd22d28198c5e6fab38582"},
  "prioqueue": {:hex, :prioqueue, "0.2.7", "c95e1a8f1f6c82111334ae4d4f7cf00351f6e4908a05f2d437cc929d143c9f0c", [:mix], [{:extractable, "~> 0.2", [hex: :extractable, repo: "hexpm", optional: false]}, {:fun_land, "~> 0.9.0", [hex: :fun_land, repo: "hexpm", optional: false]}, {:insertable, "~> 0.2", [hex: :insertable, repo: "hexpm", optional: false]}], "hexpm", "ee0fdb4fae20c71166f3e582781d2d735d565fe84f0ef41853ce256111ceca30"},
  "priority_queue": {:hex, :priority_queue, "1.0.0", "5ff5f83a764b635e71f0e41bf78b9763bb233bbac8f5733b4b09b6730bddf866", [:mix], [], "hexpm", "ba3dc420a5898d863803455c05ad870c6b6f3adb12b50ebea6cd6aeed1b358b7"},
  "req": {:hex, :req, "0.5.8", "50d8d65279d6e343a5e46980ac2a70e97136182950833a1968b371e753f6a662", [:mix], [{:brotli, "~> 0.3.1", [hex: :brotli, repo: "hexpm", optional: true]}, {:ezstd, "~> 1.0", [hex: :ezstd, repo: "hexpm", optional: true]}, {:finch, "~> 0.17", [hex: :finch, repo: "hexpm", optional: false]}, {:jason, "~> 1.0", [hex: :jason, repo: "hexpm", optional: false]}, {:mime, "~> 2.0.6 or ~> 2.1", [hex: :mime, repo: "hexpm", optional: false]}, {:nimble_csv, "~> 1.0", [hex: :nimble_csv, repo: "hexpm", optional: true]}, {:plug, "~> 1.0", [hex: :plug, repo: "hexpm", optional: true]}], "hexpm", "d7fc5898a566477e174f26887821a3c5082b243885520ee4b45555f5d53f40ef"},
  "telemetry": {:hex, :telemetry, "1.3.0", "fedebbae410d715cf8e7062c96a1ef32ec22e764197f70cda73d82778d61e7a2", [:rebar3], [], "hexpm", "7015fc8919dbe63764f4b4b87a95b7c0996bd539e0d499be6ec9d7f3875b79e6"},
}
